
Microsoft Visual Studio Solution File, Format Version 12.00
Project("{FAE04EC0-301F-11D3-BF4B-00C04F79EFBC}") = "ProvaSoftware", "ProvaSoftware\ProvaSoftware.csproj", "{D08517DF-DAE3-4D09-81D8-07F2B614ACDA}"
EndProject
Global
	GlobalSection(SolutionConfigurationPlatforms) = preSolution
		Debug|Any CPU = Debug|Any CPU
		Release|Any CPU = Release|Any CPU
	EndGlobalSection
	GlobalSection(ProjectConfigurationPlatforms) = postSolution
		{D08517DF-DAE3-4D09-81D8-07F2B614ACDA}.Debug|Any CPU.ActiveCfg = Debug|Any CPU
		{D08517DF-DAE3-4D09-81D8-07F2B614ACDA}.Debug|Any CPU.Build.0 = Debug|Any CPU
		{D08517DF-DAE3-4D09-81D8-07F2B614ACDA}.Release|Any CPU.ActiveCfg = Release|Any CPU
		{D08517DF-DAE3-4D09-81D8-07F2B614ACDA}.Release|Any CPU.Build.0 = Release|Any CPU
	EndGlobalSection
EndGlobal
